# THIS IS AN AUTOGENERATED FILE. DO NOT EDIT THIS FILE DIRECTLY.
# yarn lockfile v1


"@vuepress/plugin-active-header-links@^1.4.1":
  version "1.4.1"
  resolved "https://registry.npm.taobao.org/@vuepress/plugin-active-header-links/download/@vuepress/plugin-active-header-links-1.4.1.tgz#36c6952230f12056d18c63229e0e499c6ef74fe5"
  integrity sha1-NsaVIjDxIFbRjGMing5JnG73T+U=
  dependencies:
    lodash.debounce "^4.0.8"

"@vuepress/plugin-google-analytics@^1.4.1":
  version "1.4.1"
  resolved "https://registry.npm.taobao.org/@vuepress/plugin-google-analytics/download/@vuepress/plugin-google-analytics-1.4.1.tgz#d537e7ed026e7808d1d9d186880e595b04fe0868"
  integrity sha1-1Tfn7QJueAjR2dGGiA5ZWwT+CGg=

"@vuepress/plugin-medium-zoom@^1.4.1":
  version "1.4.1"
  resolved "https://registry.npm.taobao.org/@vuepress/plugin-medium-zoom/download/@vuepress/plugin-medium-zoom-1.4.1.tgz#5665561be3382246ae883c0ad77d91c7913e01da"
  integrity sha1-VmVWG+M4IkauiDwK132Rx5E+Ado=
  dependencies:
    medium-zoom "^1.0.4"

"@vuepress/plugin-nprogress@^1.4.1":
  version "1.4.1"
  resolved "https://registry.npm.taobao.org/@vuepress/plugin-nprogress/download/@vuepress/plugin-nprogress-1.4.1.tgz#2a16217091102a2b4fddc1b09f5854ac4f80f992"
  integrity sha1-KhYhcJEQKitP3cGwn1hUrE+A+ZI=
  dependencies:
    nprogress "^0.2.0"

lodash.debounce@^4.0.8:
  version "4.0.8"
  resolved "https://registry.npm.taobao.org/lodash.debounce/download/lodash.debounce-4.0.8.tgz#82d79bff30a67c4005ffd5e2515300ad9ca4d7af"
  integrity sha1-gteb/zCmfEAF/9XiUVMArZyk168=

medium-zoom@^1.0.4:
  version "1.0.5"
  resolved "https://registry.npm.taobao.org/medium-zoom/download/medium-zoom-1.0.5.tgz#81413dda20ccdd857141ff420cfab788dd32e20e"
  integrity sha1-gUE92iDM3YVxQf9CDPq3iN0y4g4=

nprogress@^0.2.0:
  version "0.2.0"
  resolved "https://registry.npm.taobao.org/nprogress/download/nprogress-0.2.0.tgz?cache=0&sync_timestamp=1587260985566&other_urls=https%3A%2F%2Fregistry.npm.taobao.org%2Fnprogress%2Fdownload%2Fnprogress-0.2.0.tgz#cb8f34c53213d895723fcbab907e9422adbcafb1"
  integrity sha1-y480xTIT2JVyP8urkH6UIq28r7E=
